
Microsoft Visual Studio Solution File, Format Version 12.00
# Visual Studio Version 16
VisualStudioVersion = 16.0.32901.82
MinimumVisualStudioVersion = 10.0.40219.1
Project("{FAE04EC0-301F-11D3-BF4B-00C04F79EFBC}") = "PiannosApplication", "PiannosApplication\PiannosApplication.csproj", "{CF64A8E5-B786-4F93-948A-2FC151284C22}"
EndProject
Global
	GlobalSection(SolutionConfigurationPlatforms) = preSolution
		Debug|Any CPU = Debug|Any CPU
		Release|Any CPU = Release|Any CPU
	EndGlobalSection
	GlobalSection(ProjectConfigurationPlatforms) = postSolution
		{CF64A8E5-B786-4F93-948A-2FC151284C22}.Debug|Any CPU.ActiveCfg = Debug|Any CPU
		{CF64A8E5-B786-4F93-948A-2FC151284C22}.Debug|Any CPU.Build.0 = Debug|Any CPU
		{CF64A8E5-B786-4F93-948A-2FC151284C22}.Release|Any CPU.ActiveCfg = Release|Any CPU
		{CF64A8E5-B786-4F93-948A-2FC151284C22}.Release|Any CPU.Build.0 = Release|Any CPU
	EndGlobalSection
	GlobalSection(SolutionProperties) = preSolution
		HideSolutionNode = FALSE
	EndGlobalSection
	GlobalSection(ExtensibilityGlobals) = postSolution
		SolutionGuid = {BB3AC3E2-1340-46DD-9659-E7C68A6D91E6}
	EndGlobalSection
EndGlobal
